
Microsoft Visual Studio Solution File, Format Version 12.00
# Visual Studio 2013
VisualStudioVersion = 12.0.21005.1
MinimumVisualStudioVersion = 10.0.40219.1
Project("{FAE04EC0-301F-11D3-BF4B-00C04F79EFBC}") = "License.Manager.GUI", "License.Manager.GUI\License.Manager.GUI.csproj", "{A5383FFC-F626-482F-9D31-EE1B91BCDDD4}"
EndProject
Project("{FAE04EC0-301F-11D3-BF4B-00C04F79EFBC}") = "License.Manager.Wrapper", "License.Manager.Wrapper\License.Manager.Wrapper.csproj", "{647FA081-87A1-4D0D-B573-EAE7C725E32D}"
EndProject
Project("{FAE04EC0-301F-11D3-BF4B-00C04F79EFBC}") = "License.Manager.Db", "License.Manager.Db\License.Manager.Db.csproj", "{737306DD-58E4-4416-9C0B-D635BE1B774F}"
EndProject
Project("{FAE04EC0-301F-11D3-BF4B-00C04F79EFBC}") = "LicenseManager.Web", "LicenseManager.Web\LicenseManager.Web.csproj", "{32A13C48-FBC9-41EC-96C7-00ABF6F318AD}"
EndProject
Global
	GlobalSection(SolutionConfigurationPlatforms) = preSolution
		Debug|Any CPU = Debug|Any CPU
		Release|Any CPU = Release|Any CPU
	EndGlobalSection
	GlobalSection(ProjectConfigurationPlatforms) = postSolution
		{A5383FFC-F626-482F-9D31-EE1B91BCDDD4}.Debug|Any CPU.ActiveCfg = Debug|Any CPU
		{A5383FFC-F626-482F-9D31-EE1B91BCDDD4}.Debug|Any CPU.Build.0 = Debug|Any CPU
		{A5383FFC-F626-482F-9D31-EE1B91BCDDD4}.Release|Any CPU.ActiveCfg = Release|Any CPU
		{A5383FFC-F626-482F-9D31-EE1B91BCDDD4}.Release|Any CPU.Build.0 = Release|Any CPU
		{647FA081-87A1-4D0D-B573-EAE7C725E32D}.Debug|Any CPU.ActiveCfg = Debug|Any CPU
		{647FA081-87A1-4D0D-B573-EAE7C725E32D}.Debug|Any CPU.Build.0 = Debug|Any CPU
		{647FA081-87A1-4D0D-B573-EAE7C725E32D}.Release|Any CPU.ActiveCfg = Release|Any CPU
		{647FA081-87A1-4D0D-B573-EAE7C725E32D}.Release|Any CPU.Build.0 = Release|Any CPU
		{737306DD-58E4-4416-9C0B-D635BE1B774F}.Debug|Any CPU.ActiveCfg = Debug|Any CPU
		{737306DD-58E4-4416-9C0B-D635BE1B774F}.Debug|Any CPU.Build.0 = Debug|Any CPU
		{737306DD-58E4-4416-9C0B-D635BE1B774F}.Release|Any CPU.ActiveCfg = Release|Any CPU
		{737306DD-58E4-4416-9C0B-D635BE1B774F}.Release|Any CPU.Build.0 = Release|Any CPU
		{32A13C48-FBC9-41EC-96C7-00ABF6F318AD}.Debug|Any CPU.ActiveCfg = Debug|Any CPU
		{32A13C48-FBC9-41EC-96C7-00ABF6F318AD}.Debug|Any CPU.Build.0 = Debug|Any CPU
		{32A13C48-FBC9-41EC-96C7-00ABF6F318AD}.Release|Any CPU.ActiveCfg = Release|Any CPU
		{32A13C48-FBC9-41EC-96C7-00ABF6F318AD}.Release|Any CPU.Build.0 = Release|Any CPU
	EndGlobalSection
	GlobalSection(SolutionProperties) = preSolution
		HideSolutionNode = FALSE
	EndGlobalSection
EndGlobal
